# THIS IS AN AUTOGENERATED FILE. DO NOT EDIT THIS FILE DIRECTLY.
# yarn lockfile v1


arcsecond@^3.1.1:
  version "3.1.1"
  resolved "https://registry.yarnpkg.com/arcsecond/-/arcsecond-3.1.1.tgz#89fa7d93899110530d41674c046cde62dc3d1439"
  integrity sha512-Rsvya+I14KZGtKm6E7taqUamBkM7/byMrtel5MHa+bAh2p25iq+lPODVc0rmqj5pSU1netIRbUSVsSp4fnBRZw==
